
Microsoft Visual Studio Solution File, Format Version 12.00
# Visual Studio 2012
Project("{FAE04EC0-301F-11D3-BF4B-00C04F79EFBC}") = "FrameWork", "FrameWork\FrameWork\FrameWork.csproj", "{F5ED1FC3-EDCC-42F8-8ED5-412C6278777C}"
EndProject
Project("{96E2B04D-8817-42C6-938A-82C39BA4D311}") = "FrameWorkContent", "FrameWork\FrameWorkContent\FrameWorkContent.contentproj", "{D0F59730-3637-452E-8F13-D7E10516E2AE}"
EndProject
Global
	GlobalSection(SolutionConfigurationPlatforms) = preSolution
		Debug|Windows Phone = Debug|Windows Phone
		Release|Windows Phone = Release|Windows Phone
	EndGlobalSection
	GlobalSection(ProjectConfigurationPlatforms) = postSolution
		{F5ED1FC3-EDCC-42F8-8ED5-412C6278777C}.Debug|Windows Phone.ActiveCfg = Debug|Windows Phone
		{F5ED1FC3-EDCC-42F8-8ED5-412C6278777C}.Debug|Windows Phone.Build.0 = Debug|Windows Phone
		{F5ED1FC3-EDCC-42F8-8ED5-412C6278777C}.Debug|Windows Phone.Deploy.0 = Debug|Windows Phone
		{F5ED1FC3-EDCC-42F8-8ED5-412C6278777C}.Release|Windows Phone.ActiveCfg = Release|Windows Phone
		{F5ED1FC3-EDCC-42F8-8ED5-412C6278777C}.Release|Windows Phone.Build.0 = Release|Windows Phone
		{F5ED1FC3-EDCC-42F8-8ED5-412C6278777C}.Release|Windows Phone.Deploy.0 = Release|Windows Phone
		{D0F59730-3637-452E-8F13-D7E10516E2AE}.Debug|Windows Phone.ActiveCfg = Debug|Windows Phone
		{D0F59730-3637-452E-8F13-D7E10516E2AE}.Release|Windows Phone.ActiveCfg = Release|Windows Phone
	EndGlobalSection
	GlobalSection(SolutionProperties) = preSolution
		HideSolutionNode = FALSE
	EndGlobalSection
EndGlobal
